// !$*UTF8*$!
{
	archiveVersion = 1;
	classes = {
	};
	objectVersion = 46;
	objects = {

/* Begin PBXBuildFile section */
		B2BB0FC11D7BAF5A00F2A27C /* Deserializer.swift in Sources */ = {isa = PBXBuildFile; fileRef = B2BB0FC01D7BAF5A00F2A27C /* Deserializer.swift */; };
		B2C81C191D7BA46C00A22C64 /* Serializer.h in Headers */ = {isa = PBXBuildFile; fileRef = B2C81C181D7BA46C00A22C64 /* Serializer.h */; settings = {ATTRIBUTES = (Public, ); }; };
		B2C81C201D7BA46C00A22C64 /* Serializer.framework in Frameworks */ = {isa = PBXBuildFile; fileRef = B2C81C151D7BA46C00A22C64 /* Serializer.framework */; };
		B2C81C251D7BA46C00A22C64 /* SerializerTests.swift in Sources */ = {isa = PBXBuildFile; fileRef = B2C81C241D7BA46C00A22C64 /* SerializerTests.swift */; };
		B2C81C311D7BA4C400A22C64 /* Serializer.swift in Sources */ = {isa = PBXBuildFile; fileRef = B2C81C301D7BA4C400A22C64 /* Serializer.swift */; };
		B2C81C331D7BA69C00A22C64 /* SerializerEncoder.swift in Sources */ = {isa = PBXBuildFile; fileRef = B2C81C321D7BA69C00A22C64 /* SerializerEncoder.swift */; };
		B2C81C351D7BA6C100A22C64 /* SerializerDecoder.swift in Sources */ = {isa = PBXBuildFile; fileRef = B2C81C341D7BA6C100A22C64 /* SerializerDecoder.swift */; };
		B2C81C391D7BA8DA00A22C64 /* Serializable.swift in Sources */ = {isa = PBXBuildFile; fileRef = B2C81C381D7BA8DA00A22C64 /* Serializable.swift */; };
		B2C81C3B1D7BA90400A22C64 /* DataTransformer.swift in Sources */ = {isa = PBXBuildFile; fileRef = B2C81C3A1D7BA90400A22C64 /* DataTransformer.swift */; };
		B2D2DEB51D8054E300480D1D /* DefaultDateTransformer.swift in Sources */ = {isa = PBXBuildFile; fileRef = B2D2DEB41D8054E300480D1D /* DefaultDateTransformer.swift */; };
/* End PBXBuildFile section */

/* Begin PBXContainerItemProxy section */
		B2C81C211D7BA46C00A22C64 /* PBXContainerItemProxy */ = {
			isa = PBXContainerItemProxy;
			containerPortal = B2C81C0C1D7BA46C00A22C64 /* Project object */;
			proxyType = 1;
			remoteGlobalIDString = B2C81C141D7BA46C00A22C64;
			remoteInfo = Serializer;
		};
/* End PBXContainerItemProxy section */

/* Begin PBXFileReference section */
		B25A48651DD8D40400DD7D3C /* Package.swift */ = {isa = PBXFileReference; fileEncoding = 4; lastKnownFileType = sourcecode.swift; path = Package.swift; sourceTree = "<group>"; };
		B2BB0FC01D7BAF5A00F2A27C /* Deserializer.swift */ = {isa = PBXFileReference; fileEncoding = 4; lastKnownFileType = sourcecode.swift; path = Deserializer.swift; sourceTree = "<group>"; };
		B2C81C151D7BA46C00A22C64 /* Serializer.framework */ = {isa = PBXFileReference; explicitFileType = wrapper.framework; includeInIndex = 0; path = Serializer.framework; sourceTree = BUILT_PRODUCTS_DIR; };
		B2C81C181D7BA46C00A22C64 /* Serializer.h */ = {isa = PBXFileReference; lastKnownFileType = sourcecode.c.h; path = Serializer.h; sourceTree = "<group>"; };
		B2C81C1A1D7BA46C00A22C64 /* Info.plist */ = {isa = PBXFileReference; lastKnownFileType = text.plist.xml; path = Info.plist; sourceTree = "<group>"; };
		B2C81C1F1D7BA46C00A22C64 /* SerializerTests.xctest */ = {isa = PBXFileReference; explicitFileType = wrapper.cfbundle; includeInIndex = 0; path = SerializerTests.xctest; sourceTree = BUILT_PRODUCTS_DIR; };
		B2C81C241D7BA46C00A22C64 /* SerializerTests.swift */ = {isa = PBXFileReference; lastKnownFileType = sourcecode.swift; path = SerializerTests.swift; sourceTree = "<group>"; };
		B2C81C261D7BA46C00A22C64 /* Info.plist */ = {isa = PBXFileReference; lastKnownFileType = text.plist.xml; path = Info.plist; sourceTree = "<group>"; };
		B2C81C301D7BA4C400A22C64 /* Serializer.swift */ = {isa = PBXFileReference; fileEncoding = 4; lastKnownFileType = sourcecode.swift; path = Serializer.swift; sourceTree = "<group>"; };
		B2C81C321D7BA69C00A22C64 /* SerializerEncoder.swift */ = {isa = PBXFileReference; fileEncoding = 4; lastKnownFileType = sourcecode.swift; path = SerializerEncoder.swift; sourceTree = "<group>"; };
		B2C81C341D7BA6C100A22C64 /* SerializerDecoder.swift */ = {isa = PBXFileReference; fileEncoding = 4; lastKnownFileType = sourcecode.swift; path = SerializerDecoder.swift; sourceTree = "<group>"; };
		B2C81C381D7BA8DA00A22C64 /* Serializable.swift */ = {isa = PBXFileReference; fileEncoding = 4; lastKnownFileType = sourcecode.swift; path = Serializable.swift; sourceTree = "<group>"; };
		B2C81C3A1D7BA90400A22C64 /* DataTransformer.swift */ = {isa = PBXFileReference; fileEncoding = 4; lastKnownFileType = sourcecode.swift; path = DataTransformer.swift; sourceTree = "<group>"; };
		B2D2DEB41D8054E300480D1D /* DefaultDateTransformer.swift */ = {isa = PBXFileReference; fileEncoding = 4; lastKnownFileType = sourcecode.swift; path = DefaultDateTransformer.swift; sourceTree = "<group>"; };
/* End PBXFileReference section */

/* Begin PBXFrameworksBuildPhase section */
		B2C81C111D7BA46C00A22C64 /* Frameworks */ = {
			isa = PBXFrameworksBuildPhase;
			buildActionMask = 2147483647;
			files = (
			);
			runOnlyForDeploymentPostprocessing = 0;
		};
		B2C81C1C1D7BA46C00A22C64 /* Frameworks */ = {
			isa = PBXFrameworksBuildPhase;
			buildActionMask = 2147483647;
			files = (
				B2C81C201D7BA46C00A22C64 /* Serializer.framework in Frameworks */,
			);
			runOnlyForDeploymentPostprocessing = 0;
		};
/* End PBXFrameworksBuildPhase section */

/* Begin PBXGroup section */
		B2C81C0B1D7BA46C00A22C64 = {
			isa = PBXGroup;
			children = (
				B2C81C171D7BA46C00A22C64 /* Serializer */,
				B2C81C231D7BA46C00A22C64 /* SerializerTests */,
				B2C81C161D7BA46C00A22C64 /* Products */,
			);
			sourceTree = "<group>";
		};
		B2C81C161D7BA46C00A22C64 /* Products */ = {
			isa = PBXGroup;
			children = (
				B2C81C151D7BA46C00A22C64 /* Serializer.framework */,
				B2C81C1F1D7BA46C00A22C64 /* SerializerTests.xctest */,
			);
			name = Products;
			sourceTree = "<group>";
		};
		B2C81C171D7BA46C00A22C64 /* Serializer */ = {
			isa = PBXGroup;
			children = (
				B2C81C371D7BA87F00A22C64 /* Protocol */,
				B2C81C361D7BA74100A22C64 /* Serializer */,
				B2C81C2F1D7BA48A00A22C64 /* Files */,
				B2D2DEB61D8054F200480D1D /* Transformers */,
			);
			path = Serializer;
			sourceTree = "<group>";
		};
		B2C81C231D7BA46C00A22C64 /* SerializerTests */ = {
			isa = PBXGroup;
			children = (
				B2C81C241D7BA46C00A22C64 /* SerializerTests.swift */,
				B2C81C261D7BA46C00A22C64 /* Info.plist */,
			);
			path = SerializerTests;
			sourceTree = "<group>";
		};
		B2C81C2F1D7BA48A00A22C64 /* Files */ = {
			isa = PBXGroup;
			children = (
				B2C81C181D7BA46C00A22C64 /* Serializer.h */,
				B2C81C1A1D7BA46C00A22C64 /* Info.plist */,
				B25A48651DD8D40400DD7D3C /* Package.swift */,
			);
			name = Files;
			sourceTree = "<group>";
		};
		B2C81C361D7BA74100A22C64 /* Serializer */ = {
			isa = PBXGroup;
			children = (
				B2C81C301D7BA4C400A22C64 /* Serializer.swift */,
				B2BB0FC01D7BAF5A00F2A27C /* Deserializer.swift */,
				B2C81C321D7BA69C00A22C64 /* SerializerEncoder.swift */,
				B2C81C341D7BA6C100A22C64 /* SerializerDecoder.swift */,
			);
			name = Serializer;
			sourceTree = "<group>";
		};
		B2C81C371D7BA87F00A22C64 /* Protocol */ = {
			isa = PBXGroup;
			children = (
				B2C81C381D7BA8DA00A22C64 /* Serializable.swift */,
			);
			name = Protocol;
			sourceTree = "<group>";
		};
		B2D2DEB61D8054F200480D1D /* Transformers */ = {
			isa = PBXGroup;
			children = (
				B2D2DEB41D8054E300480D1D /* DefaultDateTransformer.swift */,
				B2C81C3A1D7BA90400A22C64 /* DataTransformer.swift */,
			);
			name = Transformers;
			sourceTree = "<group>";
		};
/* End PBXGroup section */

/* Begin PBXHeadersBuildPhase section */
		B2C81C121D7BA46C00A22C64 /* Headers */ = {
			isa = PBXHeadersBuildPhase;
			buildActionMask = 2147483647;
			files = (
				B2C81C191D7BA46C00A22C64 /* Serializer.h in Headers */,
			);
			runOnlyForDeploymentPostprocessing = 0;
		};
/* End PBXHeadersBuildPhase section */

/* Begin PBXNativeTarget section */
		B2C81C141D7BA46C00A22C64 /* Serializer */ = {
			isa = PBXNativeTarget;
			buildConfigurationList = B2C81C291D7BA46C00A22C64 /* Build configuration list for PBXNativeTarget "Serializer" */;
			buildPhases = (
				B2C81C101D7BA46C00A22C64 /* Sources */,
				B2C81C111D7BA46C00A22C64 /* Frameworks */,
				B2C81C121D7BA46C00A22C64 /* Headers */,
				B2C81C131D7BA46C00A22C64 /* Resources */,
			);
			buildRules = (
			);
			dependencies = (
			);
			name = Serializer;
			productName = Serializer;
			productReference = B2C81C151D7BA46C00A22C64 /* Serializer.framework */;
			productType = "com.apple.product-type.framework";
		};
		B2C81C1E1D7BA46C00A22C64 /* SerializerTests */ = {
			isa = PBXNativeTarget;
			buildConfigurationList = B2C81C2C1D7BA46C00A22C64 /* Build configuration list for PBXNativeTarget "SerializerTests" */;
			buildPhases = (
				B2C81C1B1D7BA46C00A22C64 /* Sources */,
				B2C81C1C1D7BA46C00A22C64 /* Frameworks */,
				B2C81C1D1D7BA46C00A22C64 /* Resources */,
			);
			buildRules = (
			);
			dependencies = (
				B2C81C221D7BA46C00A22C64 /* PBXTargetDependency */,
			);
			name = SerializerTests;
			productName = SerializerTests;
			productReference = B2C81C1F1D7BA46C00A22C64 /* SerializerTests.xctest */;
			productType = "com.apple.product-type.bundle.unit-test";
		};
/* End PBXNativeTarget section */

/* Begin PBXProject section */
		B2C81C0C1D7BA46C00A22C64 /* Project object */ = {
			isa = PBXProject;
			attributes = {
				LastSwiftUpdateCheck = 0730;
				LastUpgradeCheck = 0800;
				ORGANIZATIONNAME = "Luciano Almeida";
				TargetAttributes = {
					B2C81C141D7BA46C00A22C64 = {
						CreatedOnToolsVersion = 7.3.1;
						LastSwiftMigration = 0800;
					};
					B2C81C1E1D7BA46C00A22C64 = {
						CreatedOnToolsVersion = 7.3.1;
						LastSwiftMigration = 0800;
					};
				};
			};
			buildConfigurationList = B2C81C0F1D7BA46C00A22C64 /* Build configuration list for PBXProject "Serializer" */;
			compatibilityVersion = "Xcode 3.2";
			developmentRegion = English;
			hasScannedForEncodings = 0;
			knownRegions = (
				en,
			);
			mainGroup = B2C81C0B1D7BA46C00A22C64;
			productRefGroup = B2C81C161D7BA46C00A22C64 /* Products */;
			projectDirPath = "";
			projectRoot = "";
			targets = (
				B2C81C141D7BA46C00A22C64 /* Serializer */,
				B2C81C1E1D7BA46C00A22C64 /* SerializerTests */,
			);
		};
/* End PBXProject section */

/* Begin PBXResourcesBuildPhase section */
		B2C81C131D7BA46C00A22C64 /* Resources */ = {
			isa = PBXResourcesBuildPhase;
			buildActionMask = 2147483647;
			files = (
			);
			runOnlyForDeploymentPostprocessing = 0;
		};
		B2C81C1D1D7BA46C00A22C64 /* Resources */ = {
			isa = PBXResourcesBuildPhase;
			buildActionMask = 2147483647;
			files = (
			);
			runOnlyForDeploymentPostprocessing = 0;
		};
/* End PBXResourcesBuildPhase section */

/* Begin PBXSourcesBuildPhase section */
		B2C81C101D7BA46C00A22C64 /* Sources */ = {
			isa = PBXSourcesBuildPhase;
			buildActionMask = 2147483647;
			files = (
				B2C81C391D7BA8DA00A22C64 /* Serializable.swift in Sources */,
				B2C81C331D7BA69C00A22C64 /* SerializerEncoder.swift in Sources */,
				B2C81C351D7BA6C100A22C64 /* SerializerDecoder.swift in Sources */,
				B2D2DEB51D8054E300480D1D /* DefaultDateTransformer.swift in Sources */,
				B2C81C3B1D7BA90400A22C64 /* DataTransformer.swift in Sources */,
				B2BB0FC11D7BAF5A00F2A27C /* Deserializer.swift in Sources */,
				B2C81C311D7BA4C400A22C64 /* Serializer.swift in Sources */,
			);
			runOnlyForDeploymentPostprocessing = 0;
		};
		B2C81C1B1D7BA46C00A22C64 /* Sources */ = {
			isa = PBXSourcesBuildPhase;
			buildActionMask = 2147483647;
			files = (
				B2C81C251D7BA46C00A22C64 /* SerializerTests.swift in Sources */,
			);
			runOnlyForDeploymentPostprocessing = 0;
		};
/* End PBXSourcesBuildPhase section */

/* Begin PBXTargetDependency section */
		B2C81C221D7BA46C00A22C64 /* PBXTargetDependency */ = {
			isa = PBXTargetDependency;
			target = B2C81C141D7BA46C00A22C64 /* Serializer */;
			targetProxy = B2C81C211D7BA46C00A22C64 /* PBXContainerItemProxy */;
		};
/* End PBXTargetDependency section */

/* Begin XCBuildConfiguration section */
		B2C81C271D7BA46C00A22C64 /* Debug */ = {
			isa = XCBuildConfiguration;
			buildSettings = {
				ALWAYS_SEARCH_USER_PATHS = NO;
				CLANG_ANALYZER_NONNULL = YES;
				CLANG_CXX_LANGUAGE_STANDARD = "gnu++0x";
				CLANG_CXX_LIBRARY = "libc++";
				CLANG_ENABLE_MODULES = YES;
				CLANG_ENABLE_OBJC_ARC = YES;
				CLANG_WARN_BOOL_CONVERSION = YES;
				CLANG_WARN_CONSTANT_CONVERSION = YES;
				CLANG_WARN_DIRECT_OBJC_ISA_USAGE = YES_ERROR;
				CLANG_WARN_EMPTY_BODY = YES;
				CLANG_WARN_ENUM_CONVERSION = YES;
				CLANG_WARN_INFINITE_RECURSION = YES;
				CLANG_WARN_INT_CONVERSION = YES;
				CLANG_WARN_OBJC_ROOT_CLASS = YES_ERROR;
				CLANG_WARN_SUSPICIOUS_MOVE = YES;
				CLANG_WARN_UNREACHABLE_CODE = YES;
				CLANG_WARN__DUPLICATE_METHOD_MATCH = YES;
				"CODE_SIGN_IDENTITY[sdk=iphoneos*]" = "iPhone Developer";
				COPY_PHASE_STRIP = NO;
				CURRENT_PROJECT_VERSION = 1;
				DEBUG_INFORMATION_FORMAT = dwarf;
				ENABLE_STRICT_OBJC_MSGSEND = YES;
				ENABLE_TESTABILITY = YES;
				GCC_C_LANGUAGE_STANDARD = gnu99;
				GCC_DYNAMIC_NO_PIC = NO;
				GCC_NO_COMMON_BLOCKS = YES;
				GCC_OPTIMIZATION_LEVEL = 0;
				GCC_PREPROCESSOR_DEFINITIONS = (
					"DEBUG=1",
					"$(inherited)",
				);
				GCC_WARN_64_TO_32_BIT_CONVERSION = YES;
				GCC_WARN_ABOUT_RETURN_TYPE = YES_ERROR;
				GCC_WARN_UNDECLARED_SELECTOR = YES;
				GCC_WARN_UNINITIALIZED_AUTOS = YES_AGGRESSIVE;
				GCC_WARN_UNUSED_FUNCTION = YES;
				GCC_WARN_UNUSED_VARIABLE = YES;
				IPHONEOS_DEPLOYMENT_TARGET = 9.3;
				MTL_ENABLE_DEBUG_INFO = YES;
				ONLY_ACTIVE_ARCH = YES;
				SDKROOT = iphoneos;
				SWIFT_OPTIMIZATION_LEVEL = "-Onone";
				TARGETED_DEVICE_FAMILY = "1,2";
				VERSIONING_SYSTEM = "apple-generic";
				VERSION_INFO_PREFIX = "";
			};
			name = Debug;
		};
		B2C81C281D7BA46C00A22C64 /* Release */ = {
			isa = XCBuildConfiguration;
			buildSettings = {
				ALWAYS_SEARCH_USER_PATHS = NO;
				CLANG_ANALYZER_NONNULL = YES;
				CLANG_CXX_LANGUAGE_STANDARD = "gnu++0x";
				CLANG_CXX_LIBRARY = "libc++";
				CLANG_ENABLE_MODULES = YES;
				CLANG_ENABLE_OBJC_ARC = YES;
				CLANG_WARN_BOOL_CONVERSION = YES;
				CLANG_WARN_CONSTANT_CONVERSION = YES;
				CLANG_WARN_DIRECT_OBJC_ISA_USAGE = YES_ERROR;
				CLANG_WARN_EMPTY_BODY = YES;
				CLANG_WARN_ENUM_CONVERSION = YES;
				CLANG_WARN_INFINITE_RECURSION = YES;
				CLANG_WARN_INT_CONVERSION = YES;
				CLANG_WARN_OBJC_ROOT_CLASS = YES_ERROR;
				CLANG_WARN_SUSPICIOUS_MOVE = YES;
				CLANG_WARN_UNREACHABLE_CODE = YES;
				CLANG_WARN__DUPLICATE_METHOD_MATCH = YES;
				"CODE_SIGN_IDENTITY[sdk=iphoneos*]" = "iPhone Developer";
				COPY_PHASE_STRIP = NO;
				CURRENT_PROJECT_VERSION = 1;
				DEBUG_INFORMATION_FORMAT = "dwarf-with-dsym";
				ENABLE_NS_ASSERTIONS = NO;
				ENABLE_STRICT_OBJC_MSGSEND = YES;
				GCC_C_LANGUAGE_STANDARD = gnu99;
				GCC_NO_COMMON_BLOCKS = YES;
				GCC_WARN_64_TO_32_BIT_CONVERSION = YES;
				GCC_WARN_ABOUT_RETURN_TYPE = YES_ERROR;
				GCC_WARN_UNDECLARED_SELECTOR = YES;
				GCC_WARN_UNINITIALIZED_AUTOS = YES_AGGRESSIVE;
				GCC_WARN_UNUSED_FUNCTION = YES;
				GCC_WARN_UNUSED_VARIABLE = YES;
				IPHONEOS_DEPLOYMENT_TARGET = 9.3;
				MTL_ENABLE_DEBUG_INFO = NO;
				SDKROOT = iphoneos;
				SWIFT_OPTIMIZATION_LEVEL = "-Owholemodule";
				TARGETED_DEVICE_FAMILY = "1,2";
				VALIDATE_PRODUCT = YES;
				VERSIONING_SYSTEM = "apple-generic";
				VERSION_INFO_PREFIX = "";
			};
			name = Release;
		};
		B2C81C2A1D7BA46C00A22C64 /* Debug */ = {
			isa = XCBuildConfiguration;
			buildSettings = {
				CLANG_ENABLE_MODULES = YES;
				"CODE_SIGN_IDENTITY[sdk=iphoneos*]" = "";
				DEFINES_MODULE = YES;
				DYLIB_COMPATIBILITY_VERSION = 1;
				DYLIB_CURRENT_VERSION = 1;
				DYLIB_INSTALL_NAME_BASE = "@rpath";
				INFOPLIST_FILE = Serializer/Info.plist;
				INSTALL_PATH = "$(LOCAL_LIBRARY_DIR)/Frameworks";
				LD_RUNPATH_SEARCH_PATHS = "$(inherited) @executable_path/Frameworks @loader_path/Frameworks";
				PRODUCT_BUNDLE_IDENTIFIER = com.bepid.Serializer;
				PRODUCT_NAME = "$(TARGET_NAME)";
				SKIP_INSTALL = YES;
				SWIFT_OPTIMIZATION_LEVEL = "-Onone";
				SWIFT_VERSION = 3.0;
			};
			name = Debug;
		};
		B2C81C2B1D7BA46C00A22C64 /* Release */ = {
			isa = XCBuildConfiguration;
			buildSettings = {
				CLANG_ENABLE_MODULES = YES;
				"CODE_SIGN_IDENTITY[sdk=iphoneos*]" = "";
				DEFINES_MODULE = YES;
				DYLIB_COMPATIBILITY_VERSION = 1;
				DYLIB_CURRENT_VERSION = 1;
				DYLIB_INSTALL_NAME_BASE = "@rpath";
				INFOPLIST_FILE = Serializer/Info.plist;
				INSTALL_PATH = "$(LOCAL_LIBRARY_DIR)/Frameworks";
				LD_RUNPATH_SEARCH_PATHS = "$(inherited) @executable_path/Frameworks @loader_path/Frameworks";
				PRODUCT_BUNDLE_IDENTIFIER = com.bepid.Serializer;
				PRODUCT_NAME = "$(TARGET_NAME)";
				SKIP_INSTALL = YES;
				SWIFT_VERSION = 3.0;
			};
			name = Release;
		};
		B2C81C2D1D7BA46C00A22C64 /* Debug */ = {
			isa = XCBuildConfiguration;
			buildSettings = {
				INFOPLIST_FILE = SerializerTests/Info.plist;
				LD_RUNPATH_SEARCH_PATHS = "$(inherited) @executable_path/Frameworks @loader_path/Frameworks";
				PRODUCT_BUNDLE_IDENTIFIER = com.bepid.SerializerTests;
				PRODUCT_NAME = "$(TARGET_NAME)";
				SWIFT_VERSION = 3.0;
			};
			name = Debug;
		};
		B2C81C2E1D7BA46C00A22C64 /* Release */ = {
			isa = XCBuildConfiguration;
			buildSettings = {
				INFOPLIST_FILE = SerializerTests/Info.plist;
				LD_RUNPATH_SEARCH_PATHS = "$(inherited) @executable_path/Frameworks @loader_path/Frameworks";
				PRODUCT_BUNDLE_IDENTIFIER = com.bepid.SerializerTests;
				PRODUCT_NAME = "$(TARGET_NAME)";
				SWIFT_VERSION = 3.0;
			};
			name = Release;
		};
/* End XCBuildConfiguration section */

/* Begin XCConfigurationList section */
		B2C81C0F1D7BA46C00A22C64 /* Build configuration list for PBXProject "Serializer" */ = {
			isa = XCConfigurationList;
			buildConfigurations = (
				B2C81C271D7BA46C00A22C64 /* Debug */,
				B2C81C281D7BA46C00A22C64 /* Release */,
			);
			defaultConfigurationIsVisible = 0;
			defaultConfigurationName = Release;
		};
		B2C81C291D7BA46C00A22C64 /* Build configuration list for PBXNativeTarget "Serializer" */ = {
			isa = XCConfigurationList;
			buildConfigurations = (
				B2C81C2A1D7BA46C00A22C64 /* Debug */,
				B2C81C2B1D7BA46C00A22C64 /* Release */,
			);
			defaultConfigurationIsVisible = 0;
			defaultConfigurationName = Release;
		};
		B2C81C2C1D7BA46C00A22C64 /* Build configuration list for PBXNativeTarget "SerializerTests" */ = {
			isa = XCConfigurationList;
			buildConfigurations = (
				B2C81C2D1D7BA46C00A22C64 /* Debug */,
				B2C81C2E1D7BA46C00A22C64 /* Release */,
			);
			defaultConfigurationIsVisible = 0;
			defaultConfigurationName = Release;
		};
/* End XCConfigurationList section */
	};
	rootObject = B2C81C0C1D7BA46C00A22C64 /* Project object */;
}
